<?xml version="1.0" encoding="utf-8"?>
<Project ToolsVersion="4.0" xmlns="http://schemas.microsoft.com/developer/msbuild/2003">
  <ItemGroup>
    <Filter Include="Wspólne">
      <UniqueIdentifier>1f8100b7-3763-4276-9fc5-962d7b1f7a2a</UniqueIdentifier>
    </Filter>
    <Filter Include="Elementy zawartości">
      <UniqueIdentifier>e4a90061-4306-49b8-964a-3a405c751890</UniqueIdentifier>
      <Extensions>bmp;fbx;gif;jpg;jpeg;tga;tiff;tif;png</Extensions>
    </Filter>
    <Filter Include="Zawartość">
      <UniqueIdentifier>b7795cc8-99a9-4ffe-9875-80fc77802d52</UniqueIdentifier>
    </Filter>
    <ClInclude Include="Common\d3dx12.h">
      <Filter>Wspólne</Filter>
    </ClInclude>
    <Image Include="Assets\LockScreenLogo.scale-200.png">
      <Filter>Elementy zawartości</Filter>
    </Image>
    <Image Include="Assets\SplashScreen.scale-200.png">
      <Filter>Elementy zawartości</Filter>
    </Image>
    <Image Include="Assets\Square150x150Logo.scale-200.png">
      <Filter>Elementy zawartości</Filter>
    </Image>
    <Image Include="Assets\Square44x44Logo.scale-200.png">
      <Filter>Elementy zawartości</Filter>
    </Image>
    <Image Include="Assets\Square44x44Logo.targetsize-24_altform-unplated.png">
      <Filter>Elementy zawartości</Filter>
    </Image>
  </ItemGroup>
  <ItemGroup>
    <ClCompile Include="pch.cpp" />
    <ClCompile Include="Źródło.cpp" />
    <ClCompile Include="Źródło1.cpp" />
    <ClCompile Include="Źródło2.cpp" />
  </ItemGroup>
  <ItemGroup>
    <ClInclude Include="pch.h" />
  </ItemGroup>
  <ItemGroup>
    <Image Include="Assets\StoreLogo.png">
      <Filter>Elementy zawartości</Filter>
    </Image>
    <Image Include="Assets\Wide310x150Logo.scale-200.png">
      <Filter>Elementy zawartości</Filter>
    </Image>
  </ItemGroup>
  <ItemGroup>
    <AppxManifest Include="Package.appxmanifest" />
  </ItemGroup>
  <ItemGroup>
    <None Include="App1_TemporaryKey.pfx" />
  </ItemGroup>
</Project>